
Microsoft Visual Studio Solution File, Format Version 12.00
# Visual Studio 2013
VisualStudioVersion = 12.0.21005.1
MinimumVisualStudioVersion = 10.0.40219.1
Project("{8BC9CEB8-8B4A-11D0-8D11-00A0C91BC942}") = "AstroJump", "AstroJump\AstroJump.vcxproj", "{A0E390E1-4CDF-447E-ABC3-43B37C8BCC26}"
EndProject
Project("{8BC9CEB8-8B4A-11D0-8D11-00A0C91BC942}") = "PoseurSpriteTypesImporter", "PoseurSpriteTypesImporter\PoseurSpriteTypesImporter.vcxproj", "{B7AF65B4-2B6A-47F3-BA7C-816ADDCC1FC4}"
EndProject
Project("{8BC9CEB8-8B4A-11D0-8D11-00A0C91BC942}") = "SimpleSideScrollerFramework", "SimpleSideScrollerFramework\SimpleSideScrollerFramework.vcxproj", "{CDB6313F-0EFD-4C76-94EE-30084956B2F2}"
EndProject
Project("{8BC9CEB8-8B4A-11D0-8D11-00A0C91BC942}") = "tinyxml", "tinyxml\tinyxml.vcxproj", "{43AC3FC8-E37E-4B80-A006-0E345025DA06}"
EndProject
Project("{8BC9CEB8-8B4A-11D0-8D11-00A0C91BC942}") = "TMXMapImporter", "TMXMapImporter\TMXMapImporter.vcxproj", "{6FAB8B63-01F6-4B65-AA10-BD78EEBA93A2}"
EndProject
Project("{8BC9CEB8-8B4A-11D0-8D11-00A0C91BC942}") = "XMLFileImporter", "XMLFileImporter\XMLFileImporter.vcxproj", "{51ED5B76-A6B6-40B5-954B-C1865A883E7B}"
EndProject
Project("{8BC9CEB8-8B4A-11D0-8D11-00A0C91BC942}") = "XAudio2BasicSound", "XAudio2BasicSound\XAudio2BasicSound_2010.vcxproj", "{C93E74C8-D021-4DA6-92DE-4BF63FAC418B}"
EndProject
Global
	GlobalSection(SolutionConfigurationPlatforms) = preSolution
		Debug|Win32 = Debug|Win32
		Debug|x64 = Debug|x64
		Profile|Win32 = Profile|Win32
		Profile|x64 = Profile|x64
		Release|Win32 = Release|Win32
		Release|x64 = Release|x64
	EndGlobalSection
	GlobalSection(ProjectConfigurationPlatforms) = postSolution
		{A0E390E1-4CDF-447E-ABC3-43B37C8BCC26}.Debug|Win32.ActiveCfg = Debug|Win32
		{A0E390E1-4CDF-447E-ABC3-43B37C8BCC26}.Debug|Win32.Build.0 = Debug|Win32
		{A0E390E1-4CDF-447E-ABC3-43B37C8BCC26}.Debug|x64.ActiveCfg = Debug|Win32
		{A0E390E1-4CDF-447E-ABC3-43B37C8BCC26}.Profile|Win32.ActiveCfg = Release|Win32
		{A0E390E1-4CDF-447E-ABC3-43B37C8BCC26}.Profile|Win32.Build.0 = Release|Win32
		{A0E390E1-4CDF-447E-ABC3-43B37C8BCC26}.Profile|x64.ActiveCfg = Release|Win32
		{A0E390E1-4CDF-447E-ABC3-43B37C8BCC26}.Release|Win32.ActiveCfg = Release|Win32
		{A0E390E1-4CDF-447E-ABC3-43B37C8BCC26}.Release|Win32.Build.0 = Release|Win32
		{A0E390E1-4CDF-447E-ABC3-43B37C8BCC26}.Release|x64.ActiveCfg = Release|Win32
		{B7AF65B4-2B6A-47F3-BA7C-816ADDCC1FC4}.Debug|Win32.ActiveCfg = Debug|Win32
		{B7AF65B4-2B6A-47F3-BA7C-816ADDCC1FC4}.Debug|Win32.Build.0 = Debug|Win32
		{B7AF65B4-2B6A-47F3-BA7C-816ADDCC1FC4}.Debug|x64.ActiveCfg = Debug|Win32
		{B7AF65B4-2B6A-47F3-BA7C-816ADDCC1FC4}.Profile|Win32.ActiveCfg = Release|Win32
		{B7AF65B4-2B6A-47F3-BA7C-816ADDCC1FC4}.Profile|Win32.Build.0 = Release|Win32
		{B7AF65B4-2B6A-47F3-BA7C-816ADDCC1FC4}.Profile|x64.ActiveCfg = Release|Win32
		{B7AF65B4-2B6A-47F3-BA7C-816ADDCC1FC4}.Release|Win32.ActiveCfg = Release|Win32
		{B7AF65B4-2B6A-47F3-BA7C-816ADDCC1FC4}.Release|Win32.Build.0 = Release|Win32
		{B7AF65B4-2B6A-47F3-BA7C-816ADDCC1FC4}.Release|x64.ActiveCfg = Release|Win32
		{CDB6313F-0EFD-4C76-94EE-30084956B2F2}.Debug|Win32.ActiveCfg = Debug|Win32
		{CDB6313F-0EFD-4C76-94EE-30084956B2F2}.Debug|Win32.Build.0 = Debug|Win32
		{CDB6313F-0EFD-4C76-94EE-30084956B2F2}.Debug|x64.ActiveCfg = Debug|Win32
		{CDB6313F-0EFD-4C76-94EE-30084956B2F2}.Profile|Win32.ActiveCfg = Release|Win32
		{CDB6313F-0EFD-4C76-94EE-30084956B2F2}.Profile|Win32.Build.0 = Release|Win32
		{CDB6313F-0EFD-4C76-94EE-30084956B2F2}.Profile|x64.ActiveCfg = Release|Win32
		{CDB6313F-0EFD-4C76-94EE-30084956B2F2}.Release|Win32.ActiveCfg = Release|Win32
		{CDB6313F-0EFD-4C76-94EE-30084956B2F2}.Release|Win32.Build.0 = Release|Win32
		{CDB6313F-0EFD-4C76-94EE-30084956B2F2}.Release|x64.ActiveCfg = Release|Win32
		{43AC3FC8-E37E-4B80-A006-0E345025DA06}.Debug|Win32.ActiveCfg = Debug|Win32
		{43AC3FC8-E37E-4B80-A006-0E345025DA06}.Debug|Win32.Build.0 = Debug|Win32
		{43AC3FC8-E37E-4B80-A006-0E345025DA06}.Debug|x64.ActiveCfg = Debug|Win32
		{43AC3FC8-E37E-4B80-A006-0E345025DA06}.Profile|Win32.ActiveCfg = Release|Win32
		{43AC3FC8-E37E-4B80-A006-0E345025DA06}.Profile|Win32.Build.0 = Release|Win32
		{43AC3FC8-E37E-4B80-A006-0E345025DA06}.Profile|x64.ActiveCfg = Release|Win32
		{43AC3FC8-E37E-4B80-A006-0E345025DA06}.Release|Win32.ActiveCfg = Release|Win32
		{43AC3FC8-E37E-4B80-A006-0E345025DA06}.Release|Win32.Build.0 = Release|Win32
		{43AC3FC8-E37E-4B80-A006-0E345025DA06}.Release|x64.ActiveCfg = Release|Win32
		{6FAB8B63-01F6-4B65-AA10-BD78EEBA93A2}.Debug|Win32.ActiveCfg = Debug|Win32
		{6FAB8B63-01F6-4B65-AA10-BD78EEBA93A2}.Debug|Win32.Build.0 = Debug|Win32
		{6FAB8B63-01F6-4B65-AA10-BD78EEBA93A2}.Debug|x64.ActiveCfg = Debug|Win32
		{6FAB8B63-01F6-4B65-AA10-BD78EEBA93A2}.Profile|Win32.ActiveCfg = Release|Win32
		{6FAB8B63-01F6-4B65-AA10-BD78EEBA93A2}.Profile|Win32.Build.0 = Release|Win32
		{6FAB8B63-01F6-4B65-AA10-BD78EEBA93A2}.Profile|x64.ActiveCfg = Release|Win32
		{6FAB8B63-01F6-4B65-AA10-BD78EEBA93A2}.Release|Win32.ActiveCfg = Release|Win32
		{6FAB8B63-01F6-4B65-AA10-BD78EEBA93A2}.Release|Win32.Build.0 = Release|Win32
		{6FAB8B63-01F6-4B65-AA10-BD78EEBA93A2}.Release|x64.ActiveCfg = Release|Win32
		{51ED5B76-A6B6-40B5-954B-C1865A883E7B}.Debug|Win32.ActiveCfg = Debug|Win32
		{51ED5B76-A6B6-40B5-954B-C1865A883E7B}.Debug|Win32.Build.0 = Debug|Win32
		{51ED5B76-A6B6-40B5-954B-C1865A883E7B}.Debug|x64.ActiveCfg = Debug|Win32
		{51ED5B76-A6B6-40B5-954B-C1865A883E7B}.Profile|Win32.ActiveCfg = Release|Win32
		{51ED5B76-A6B6-40B5-954B-C1865A883E7B}.Profile|Win32.Build.0 = Release|Win32
		{51ED5B76-A6B6-40B5-954B-C1865A883E7B}.Profile|x64.ActiveCfg = Release|Win32
		{51ED5B76-A6B6-40B5-954B-C1865A883E7B}.Release|Win32.ActiveCfg = Release|Win32
		{51ED5B76-A6B6-40B5-954B-C1865A883E7B}.Release|Win32.Build.0 = Release|Win32
		{51ED5B76-A6B6-40B5-954B-C1865A883E7B}.Release|x64.ActiveCfg = Release|Win32
		{C93E74C8-D021-4DA6-92DE-4BF63FAC418B}.Debug|Win32.ActiveCfg = Debug|Win32
		{C93E74C8-D021-4DA6-92DE-4BF63FAC418B}.Debug|Win32.Build.0 = Debug|Win32
		{C93E74C8-D021-4DA6-92DE-4BF63FAC418B}.Debug|x64.ActiveCfg = Debug|x64
		{C93E74C8-D021-4DA6-92DE-4BF63FAC418B}.Debug|x64.Build.0 = Debug|x64
		{C93E74C8-D021-4DA6-92DE-4BF63FAC418B}.Profile|Win32.ActiveCfg = Profile|Win32
		{C93E74C8-D021-4DA6-92DE-4BF63FAC418B}.Profile|Win32.Build.0 = Profile|Win32
		{C93E74C8-D021-4DA6-92DE-4BF63FAC418B}.Profile|x64.ActiveCfg = Profile|x64
		{C93E74C8-D021-4DA6-92DE-4BF63FAC418B}.Profile|x64.Build.0 = Profile|x64
		{C93E74C8-D021-4DA6-92DE-4BF63FAC418B}.Release|Win32.ActiveCfg = Release|Win32
		{C93E74C8-D021-4DA6-92DE-4BF63FAC418B}.Release|Win32.Build.0 = Release|Win32
		{C93E74C8-D021-4DA6-92DE-4BF63FAC418B}.Release|x64.ActiveCfg = Release|x64
		{C93E74C8-D021-4DA6-92DE-4BF63FAC418B}.Release|x64.Build.0 = Release|x64
	EndGlobalSection
	GlobalSection(SolutionProperties) = preSolution
		HideSolutionNode = FALSE
	EndGlobalSection
EndGlobal
